{
  "version": 4,
  "terraform_version": "0.12.26",
  "serial": 354,
  "lineage": "f212a220-e3e1-ae1f-074a-c4e2fb654b2d",
  "outputs": {},
  "resources": [
    {
      "mode": "managed",
      "type": "google_compute_network",
      "name": "vpc_network",
      "provider": "provider.google",
      "instances": [
        {
          "schema_version": 0,
          "attributes": {
            "auto_create_subnetworks": false,
            "delete_default_routes_on_create": false,
            "description": "",
            "gateway_ipv4": "",
            "id": "projects/inspired-bebop-278005/global/networks/inspired-bebop-278005-vpc",
            "ipv4_range": null,
            "name": "inspired-bebop-278005-vpc",
            "project": "inspired-bebop-278005",
            "routing_mode": "REGIONAL",
            "self_link": "https://www.googleapis.com/compute/v1/projects/inspired-bebop-278005/global/networks/inspired-bebop-278005-vpc",
            "timeouts": null
          }
        }
      ]
    }
  ]
}
