{
  "version": 4,
  "terraform_version": "0.12.26",
  "serial": 285,
  "lineage": "f212a220-e3e1-ae1f-074a-c4e2fb654b2d",
  "outputs": {},
  "resources": [
    {
      "mode": "managed",
      "type": "google_compute_firewall",
      "name": "default",
      "provider": "provider.google",
      "instances": [
        {
          "schema_version": 1,
          "attributes": {
            "allow": [
              {
                "ports": [
                  "80",
                  "22",
                  "9200",
                  "5601",
                  "9090",
                  "9100",
                  "3000",
                  "50000",
                  "5001",
                  "8080",
                  "5432",
                  "5858",
                  "32768",
                  "6379"
                ],
                "protocol": "tcp"
              },
              {
                "ports": [],
                "protocol": "icmp"
              }
            ],
            "creation_timestamp": "2020-07-07T14:32:26.530-07:00",
            "deny": [],
            "description": "",
            "destination_ranges": [],
            "direction": "INGRESS",
            "disabled": false,
            "enable_logging": false,
            "id": "projects/inspired-bebop-278005/global/firewalls/inspired-bebop-278005-fw",
            "name": "inspired-bebop-278005-fw",
            "network": "https://www.googleapis.com/compute/v1/projects/inspired-bebop-278005/global/networks/inspired-bebop-278005-vpc",
            "priority": 1000,
            "project": "inspired-bebop-278005",
            "self_link": "https://www.googleapis.com/compute/v1/projects/inspired-bebop-278005/global/firewalls/inspired-bebop-278005-fw",
            "source_ranges": [
              "0.0.0.0/0"
            ],
            "source_service_accounts": null,
            "source_tags": null,
            "target_service_accounts": null,
            "target_tags": [
              "dev",
              "http-server",
              "web"
            ],
            "timeouts": null
          },
          "private": "eyJlMmJmYjczMC1lY2FhLTExZTYtOGY4OC0zNDM2M2JjN2M0YzAiOnsiY3JlYXRlIjoyNDAwMDAwMDAwMDAsImRlbGV0ZSI6MjQwMDAwMDAwMDAwLCJ1cGRhdGUiOjI0MDAwMDAwMDAwMH0sInNjaGVtYV92ZXJzaW9uIjoiMSJ9",
          "dependencies": [
            "google_compute_network.vpc_network"
          ]
        }
      ]
    },
    {
      "mode": "managed",
      "type": "google_compute_network",
      "name": "vpc_network",
      "provider": "provider.google",
      "instances": [
        {
          "schema_version": 0,
          "attributes": {
            "auto_create_subnetworks": false,
            "delete_default_routes_on_create": false,
            "description": "",
            "gateway_ipv4": "",
            "id": "projects/inspired-bebop-278005/global/networks/inspired-bebop-278005-vpc",
            "ipv4_range": null,
            "name": "inspired-bebop-278005-vpc",
            "project": "inspired-bebop-278005",
            "routing_mode": "REGIONAL",
            "self_link": "https://www.googleapis.com/compute/v1/projects/inspired-bebop-278005/global/networks/inspired-bebop-278005-vpc",
            "timeouts": null
          },
          "private": "eyJlMmJmYjczMC1lY2FhLTExZTYtOGY4OC0zNDM2M2JjN2M0YzAiOnsiY3JlYXRlIjoyNDAwMDAwMDAwMDAsImRlbGV0ZSI6MjQwMDAwMDAwMDAwLCJ1cGRhdGUiOjI0MDAwMDAwMDAwMH19"
        }
      ]
    },
    {
      "mode": "managed",
      "type": "google_compute_subnetwork",
      "name": "subnet",
      "provider": "provider.google",
      "instances": [
        {
          "schema_version": 0,
          "attributes": {
            "creation_timestamp": "2020-07-07T14:32:26.649-07:00",
            "description": "",
            "enable_flow_logs": null,
            "fingerprint": null,
            "gateway_address": "10.10.0.1",
            "id": "projects/inspired-bebop-278005/regions/us-central1/subnetworks/inspired-bebop-278005-subnet",
            "ip_cidr_range": "10.10.0.0/24",
            "log_config": [],
            "name": "inspired-bebop-278005-subnet",
            "network": "https://www.googleapis.com/compute/v1/projects/inspired-bebop-278005/global/networks/inspired-bebop-278005-vpc",
            "private_ip_google_access": false,
            "project": "inspired-bebop-278005",
            "region": "us-central1",
            "secondary_ip_range": [],
            "self_link": "https://www.googleapis.com/compute/v1/projects/inspired-bebop-278005/regions/us-central1/subnetworks/inspired-bebop-278005-subnet",
            "timeouts": null
          },
          "private": "eyJlMmJmYjczMC1lY2FhLTExZTYtOGY4OC0zNDM2M2JjN2M0YzAiOnsiY3JlYXRlIjozNjAwMDAwMDAwMDAsImRlbGV0ZSI6MzYwMDAwMDAwMDAwLCJ1cGRhdGUiOjM2MDAwMDAwMDAwMH19",
          "dependencies": [
            "google_compute_network.vpc_network"
          ]
        }
      ]
    }
  ]
}
